
Microsoft Visual Studio Solution File, Format Version 12.00
# Visual Studio 2013
VisualStudioVersion = 12.0.31101.0
MinimumVisualStudioVersion = 10.0.40219.1
Project("{FAE04EC0-301F-11D3-BF4B-00C04F79EFBC}") = "DeveloperProblem", "DeveloperProblem\DeveloperProblem.csproj", "{EC56F1B8-524F-4F1D-82CA-D51C83307E33}"
EndProject
Project("{FAE04EC0-301F-11D3-BF4B-00C04F79EFBC}") = "DeveloperProblem.Tests", "DeveloperProblem.Tests\DeveloperProblem.Tests.csproj", "{D3E5E2E4-0327-43A4-A5D7-AEB52D7B1E32}"
EndProject
Global
	GlobalSection(SolutionConfigurationPlatforms) = preSolution
		Debug|Any CPU = Debug|Any CPU
		Release|Any CPU = Release|Any CPU
	EndGlobalSection
	GlobalSection(ProjectConfigurationPlatforms) = postSolution
		{EC56F1B8-524F-4F1D-82CA-D51C83307E33}.Debug|Any CPU.ActiveCfg = Debug|Any CPU
		{EC56F1B8-524F-4F1D-82CA-D51C83307E33}.Debug|Any CPU.Build.0 = Debug|Any CPU
		{EC56F1B8-524F-4F1D-82CA-D51C83307E33}.Release|Any CPU.ActiveCfg = Release|Any CPU
		{EC56F1B8-524F-4F1D-82CA-D51C83307E33}.Release|Any CPU.Build.0 = Release|Any CPU
		{D3E5E2E4-0327-43A4-A5D7-AEB52D7B1E32}.Debug|Any CPU.ActiveCfg = Debug|Any CPU
		{D3E5E2E4-0327-43A4-A5D7-AEB52D7B1E32}.Debug|Any CPU.Build.0 = Debug|Any CPU
		{D3E5E2E4-0327-43A4-A5D7-AEB52D7B1E32}.Release|Any CPU.ActiveCfg = Release|Any CPU
		{D3E5E2E4-0327-43A4-A5D7-AEB52D7B1E32}.Release|Any CPU.Build.0 = Release|Any CPU
	EndGlobalSection
	GlobalSection(SolutionProperties) = preSolution
		HideSolutionNode = FALSE
	EndGlobalSection
EndGlobal
